<Solution>
  <Folder Name="/samples/">
    <Project Path="samples/Aurelian.VisibleTriangle/Aurelian.VisibleTriangle.csproj" />
  </Folder>
  <Folder Name="/src/">
    <Project Path="src/Aurelian.Actuation/Aurelian.Actuation.csproj" />
    <Project Path="src/Aurelian.Assets/Aurelian.Assets.csproj" />
    <Project Path="src/Aurelian.AssetTool/Aurelian.AssetTool.csproj" />
    <Project Path="src/Aurelian.Core/Aurelian.Core.csproj" />
    <Project Path="src/Aurelian.Graphics/Aurelian.Graphics.csproj" />
    <Project Path="src/Aurelian.Rendering.Contracts/Aurelian.Rendering.Contracts.csproj" />
    <Project Path="src/Aurelian.Rendering.Null/Aurelian.Rendering.Null.csproj" />
    <Project Path="src/Aurelian.Runtime/Aurelian.Runtime.csproj" />
    <Project Path="src/Aurelian.Shaders/Aurelian.Shaders.csproj" />
    <Project Path="src/Aurelian.World/Aurelian.World.csproj" />
  </Folder>
  <Folder Name="/tests/">
    <Project Path="tests/Aurelian.Actuation.Tests/Aurelian.Actuation.Tests.csproj" />
    <Project Path="tests/Aurelian.Assets.Tests/Aurelian.Assets.Tests.csproj" />
    <Project Path="tests/Aurelian.AssetTool.Tests/Aurelian.AssetTool.Tests.csproj" />
    <Project Path="tests/Aurelian.Core.Tests/Aurelian.Core.Tests.csproj" />
    <Project Path="tests/Aurelian.Graphics.Tests/Aurelian.Graphics.Tests.csproj" />
    <Project Path="tests/Aurelian.Integration.Tests/Aurelian.Integration.Tests.csproj" />
    <Project Path="tests/Aurelian.Rendering.Contracts.Tests/Aurelian.Rendering.Contracts.Tests.csproj" />
    <Project Path="tests/Aurelian.Rendering.Null.Tests/Aurelian.Rendering.Null.Tests.csproj" />
    <Project Path="tests/Aurelian.Runtime.Tests/Aurelian.Runtime.Tests.csproj" />
    <Project Path="tests/Aurelian.Shaders.Tests/Aurelian.Shaders.Tests.csproj" />
    <Project Path="tests/Aurelian.World.Tests/Aurelian.World.Tests.csproj" />
  </Folder>
  <Folder Name="/vendor/" />
  <Folder Name="/vendor/Dominatus/" />
  <Folder Name="/vendor/Dominatus/src/">
    <Project Path="vendor/Dominatus/src/Ariadne.OptFlow/Ariadne.OptFlow.csproj" />
    <Project Path="vendor/Dominatus/src/Dominatus.Core/Dominatus.Core.csproj" />
    <Project Path="vendor/Dominatus/src/Dominatus.OptFlow/Dominatus.OptFlow.csproj" />
    <Project Path="vendor/Dominatus/src/Dominatus.UtilityLite/Dominatus.UtilityLite.csproj" />
  </Folder>
</Solution>
