<Solution>
  <Folder Name="/src/">
    <Project Path="src/Copeland/Copeland.Cli/Copeland.Cli.csproj" />
    <Project Path="src/Copeland/Copeland.Markdown/Copeland.Markdown.csproj" />
    <Project Path="src/Copeland/Copeland.Script/Copeland.Script.csproj" />
  </Folder>
  <Folder Name="/tests/">
    <Project Path="tests/Copeland/Copeland.Cli.Tests/Copeland.Cli.Tests.csproj" />
    <Project Path="tests/Copeland/Copeland.Markdown.Tests/Copeland.Markdown.Tests.csproj" />
    <Project Path="tests/Copeland/Copeland.Script.Tests/Copeland.Script.Tests.csproj" />
  </Folder>
</Solution>
