<Solution>
  <Folder Name="/src/">
    <Project Path="src/Copeland.Script/Copeland.Script.csproj" />
    <Project Path="src/Copeland.Cli/Copeland.Cli.csproj" />
    <Project Path="src/Machina.Layout/Machina.Layout.csproj" />
    <Project Path="src/Machina.Core/Machina.Core.csproj" />
    <Project Path="src/Machina.Standard/Machina.Standard.csproj" />
    <Project Path="src/Machina.Dominatus/Machina.Dominatus.csproj" />
    <Project Path="src/Machina.Renderer.Raster/Machina.Renderer.Raster.csproj" />
    <Project Path="src/Machina.Renderer.Raster.Text/Machina.Renderer.Raster.Text.csproj" />
    <Project Path="src/Machina.Renderer.Raster.Dominatus/Machina.Renderer.Raster.Dominatus.csproj" />
  </Folder>
  <Folder Name="/tests/">
    <Project Path="tests/Copeland.Script.Tests/Copeland.Script.Tests.csproj" />
    <Project Path="tests/Copeland.Cli.Tests/Copeland.Cli.Tests.csproj" />
    <Project Path="tests/Machina.Layout.Tests/Machina.Layout.Tests.csproj" />
    <Project Path="tests/Machina.Core.Tests/Machina.Core.Tests.csproj" />
    <Project Path="tests/Machina.Standard.Tests/Machina.Standard.Tests.csproj" />
    <Project Path="tests/Machina.Dominatus.Tests/Machina.Dominatus.Tests.csproj" />
    <Project Path="tests/Machina.Renderer.Raster.Tests/Machina.Renderer.Raster.Tests.csproj" />
    <Project Path="tests/Machina.Renderer.Raster.Text.Tests/Machina.Renderer.Raster.Text.Tests.csproj" />
    <Project Path="tests/Machina.Renderer.Raster.Dominatus.Tests/Machina.Renderer.Raster.Dominatus.Tests.csproj" />
  </Folder>
  <Folder Name="/vendor/Dominatus/src/">
    <Project Path="vendor/Dominatus/src/Dominatus.Core/Dominatus.Core.csproj" />
    <Project Path="vendor/Dominatus/src/Dominatus.OptFlow/Dominatus.OptFlow.csproj" />
    <Project Path="vendor/Dominatus/src/Ariadne.OptFlow/Ariadne.OptFlow.csproj" />
    <Project Path="vendor/Dominatus/src/Dominatus.UtilityLite/Dominatus.UtilityLite.csproj" />
    <Project Path="vendor/Dominatus/src/Dominatus.Actuators.Standard/Dominatus.Actuators.Standard.csproj" />
    <Project Path="vendor/Dominatus/src/Dominatus.Server/Dominatus.Server.csproj" />
  </Folder>
</Solution>
