<Solution>
  <Folder Name="/src/">
    <Project Path="src/Copeland/Copeland.Profile/Copeland.Profile.csproj" />
    <Project Path="src/Oblivion/Oblivion.Model/Oblivion.Model.csproj" />
    <Project Path="src/Oblivion/Oblivion.Presentation/Oblivion.Presentation.csproj" />
    <Project Path="src/Oblivion/Oblivion.Persistence/Oblivion.Persistence.csproj" />
    <Project Path="src/Oblivion/Oblivion.UI/Oblivion.UI.csproj" />
    <Project Path="src/Oblivion/Oblivion.App/Oblivion.App.csproj" />
    <Project Path="src/Oblivion/Oblivion.Standalone/Oblivion.Standalone.csproj" />
    <Project Path="src/Copeland/Copeland.Cli/Copeland.Cli.csproj" />
    <Project Path="src/Copeland/Copeland.Markdown/Copeland.Markdown.csproj" />
    <Project Path="src/Copeland/Copeland.TS.Mir/Copeland.TS.Mir.csproj" />
    <Project Path="src/Copeland/Copeland.TS/Copeland.TS.csproj" />
    <Project Path="src/Copeland/Copeland.TS.Backend.CSharp/Copeland.TS.Backend.CSharp.csproj" />
    <Project Path="src/Copeland/Copeland.TS.Backend.JavaScript/Copeland.TS.Backend.JavaScript.csproj" />
    <Project Path="src/Machina.UI/Machina.Core/Machina.Core.csproj" />
    <Project Path="src/Machina.UI/Machina.Fonts/Machina.Fonts.csproj" />
    <Project Path="src/Machina.UI/Machina.Fonts.Tooling/Machina.Fonts.Tooling.csproj" />
    <Project Path="src/Machina.UI/Machina.Layout/Machina.Layout.csproj" />
    <Project Path="src/Machina.UI/Machina.Pipeline/Machina.Pipeline.csproj" />
    <Project Path="src/Machina.UI/Machina.Presentation/Machina.Presentation.csproj" />
    <Project Path="src/Machina.UI/Machina.Runtime/Machina.Runtime.csproj" />
    <Project Path="src/Machina.UI/Machina.Standard/Machina.Standard.csproj" />
    <Project Path="src/Aurelian/Aurelian.Actuation/Aurelian.Actuation.csproj" />
    <Project Path="src/Aurelian/Aurelian.Composition/Aurelian.Composition.csproj" />
    <Project Path="src/Aurelian/Aurelian.Assets/Aurelian.Assets.csproj" />
    <Project Path="src/Aurelian/Aurelian.AssetTool/Aurelian.AssetTool.csproj" />
    <Project Path="src/Aurelian/Aurelian.Core/Aurelian.Core.csproj" />
    <Project Path="src/Aurelian/Aurelian.Graphics/Aurelian.Graphics.csproj" />
    <Project Path="src/Aurelian/Aurelian.Rendering.Contracts/Aurelian.Rendering.Contracts.csproj" />
    <Project Path="src/Aurelian/Aurelian.Rendering.Null/Aurelian.Rendering.Null.csproj" />
    <Project Path="src/Aurelian/Aurelian.Rendering.Raster/Aurelian.Rendering.Raster.csproj" />
    <Project Path="src/Aurelian/Aurelian.Runtime/Aurelian.Runtime.csproj" />
    <Project Path="src/Aurelian/Aurelian.Shaders/Aurelian.Shaders.csproj" />
    <Project Path="src/Aurelian/Aurelian.World/Aurelian.World.csproj" />
    <Project Path="src/Integrations/Aurelian.Machina/Aurelian.Machina.csproj" />
    <Project Path="src/Integrations/Aurelian.Machina.Graphics/Aurelian.Machina.Graphics.csproj" />
    <Project Path="src/Integrations/Oblivion.Avalonia/Oblivion.Avalonia.csproj" />
  </Folder>
  <Folder Name="/tools/">
    <Project Path="tools/Copeland.Profile.M0Evidence/Copeland.Profile.M0Evidence.csproj" />
  </Folder>
  <Folder Name="/samples/">
    <Project Path="samples/Machina.UI/Machina.ComponentGallery.Sample/Machina.ComponentGallery.Sample.csproj" />
    <Project Path="samples/Integrations/Aurelian.VisibleTriangle/Aurelian.VisibleTriangle.csproj" />
  </Folder>
  <Folder Name="/tests/">
    <Project Path="tests/Oblivion/Oblivion.Model.Tests/Oblivion.Model.Tests.csproj" />
    <Project Path="tests/Oblivion/Oblivion.Presentation.Tests/Oblivion.Presentation.Tests.csproj" />
    <Project Path="tests/Oblivion/Oblivion.Persistence.Tests/Oblivion.Persistence.Tests.csproj" />
    <Project Path="tests/Oblivion/Oblivion.UI.Tests/Oblivion.UI.Tests.csproj" />
    <Project Path="tests/Oblivion/Oblivion.App.Tests/Oblivion.App.Tests.csproj" />
    <Project Path="tests/Oblivion/Oblivion.Standalone.Tests/Oblivion.Standalone.Tests.csproj" />
    <Project Path="tests/Copeland/Copeland.Cli.Tests/Copeland.Cli.Tests.csproj" />
    <Project Path="tests/Copeland/Copeland.Markdown.Tests/Copeland.Markdown.Tests.csproj" />
    <Project Path="tests/Copeland/Copeland.TS.Tests/Copeland.TS.Tests.csproj" />
    <Project Path="tests/Copeland/Copeland.TS.Backend.CSharp.Tests/Copeland.TS.Backend.CSharp.Tests.csproj" />
    <Project Path="tests/Copeland/Copeland.TS.Backend.JavaScript.Tests/Copeland.TS.Backend.JavaScript.Tests.csproj" />
    <Project Path="tests/Machina.UI/Machina.Core.Tests/Machina.Core.Tests.csproj" />
    <Project Path="tests/Machina.UI/Machina.Fonts.Tests/Machina.Fonts.Tests.csproj" />
    <Project Path="tests/Machina.UI/Machina.Fonts.Tooling.Unit.Tests/Machina.Fonts.Tooling.Unit.Tests.csproj" />
    <Project Path="tests/Machina.UI/Machina.Layout.Tests/Machina.Layout.Tests.csproj" />
    <Project Path="tests/Machina.UI/Machina.Pipeline.Tests/Machina.Pipeline.Tests.csproj" />
    <Project Path="tests/Machina.UI/Machina.Presentation.Tests/Machina.Presentation.Tests.csproj" />
    <Project Path="tests/Machina.UI/Machina.Runtime.Tests/Machina.Runtime.Tests.csproj" />
    <Project Path="tests/Machina.UI/Machina.Standard.Tests/Machina.Standard.Tests.csproj" />
    <Project Path="tests/Machina.UI/Machina.Testing/Machina.Testing.csproj" />
    <Project Path="tests/Aurelian/Aurelian.Actuation.Tests/Aurelian.Actuation.Tests.csproj" />
    <Project Path="tests/Aurelian/Aurelian.Composition.Tests/Aurelian.Composition.Tests.csproj" />
    <Project Path="tests/Aurelian/Aurelian.Assets.Tests/Aurelian.Assets.Tests.csproj" />
    <Project Path="tests/Aurelian/Aurelian.AssetTool.Tests/Aurelian.AssetTool.Tests.csproj" />
    <Project Path="tests/Aurelian/Aurelian.Core.Tests/Aurelian.Core.Tests.csproj" />
    <Project Path="tests/Aurelian/Aurelian.Graphics.Tests/Aurelian.Graphics.Tests.csproj" />
    <Project Path="tests/Aurelian/Aurelian.Rendering.Contracts.Tests/Aurelian.Rendering.Contracts.Tests.csproj" />
    <Project Path="tests/Aurelian/Aurelian.Rendering.Null.Tests/Aurelian.Rendering.Null.Tests.csproj" />
    <Project Path="tests/Aurelian/Aurelian.Rendering.Raster.Tests/Aurelian.Rendering.Raster.Tests.csproj" />
    <Project Path="tests/Aurelian/Aurelian.Runtime.Tests/Aurelian.Runtime.Tests.csproj" />
    <Project Path="tests/Aurelian/Aurelian.Shaders.Tests/Aurelian.Shaders.Tests.csproj" />
    <Project Path="tests/Aurelian/Aurelian.World.Tests/Aurelian.World.Tests.csproj" />
  </Folder>
</Solution>
