<Solution>
  <Folder Name="/src/">
    <Project Path="src/Machina.UI/Machina.Core/Machina.Core.csproj" />
    <Project Path="src/Machina.UI/Machina.Dominatus/Machina.Dominatus.csproj" />
    <Project Path="src/Machina.UI/Machina.Fonts/Machina.Fonts.csproj" />
    <Project Path="src/Machina.UI/Machina.Fonts.Tooling/Machina.Fonts.Tooling.csproj" />
    <Project Path="src/Machina.UI/Machina.Layout/Machina.Layout.csproj" />
    <Project Path="src/Machina.UI/Machina.Pipeline/Machina.Pipeline.csproj" />
    <Project Path="src/Machina.UI/Machina.Presentation/Machina.Presentation.csproj" />
    <Project Path="src/Machina.UI/Machina.Renderer.Raster/Machina.Renderer.Raster.csproj" />
    <Project Path="src/Machina.UI/Machina.Renderer.Raster.Dominatus/Machina.Renderer.Raster.Dominatus.csproj" />
    <Project Path="src/Machina.UI/Machina.Renderer.Raster.Text/Machina.Renderer.Raster.Text.csproj" />
    <Project Path="src/Machina.UI/Machina.Runtime/Machina.Runtime.csproj" />
    <Project Path="src/Machina.UI/Machina.Standard/Machina.Standard.csproj" />
  </Folder>
  <Folder Name="/tests/">
    <Project Path="tests/Machina.UI/Machina.Core.Tests/Machina.Core.Tests.csproj" />
    <Project Path="tests/Machina.UI/Machina.Dominatus.Tests/Machina.Dominatus.Tests.csproj" />
    <Project Path="tests/Machina.UI/Machina.Fonts.Tests/Machina.Fonts.Tests.csproj" />
    <Project Path="tests/Machina.UI/Machina.Fonts.Tooling.Unit.Tests/Machina.Fonts.Tooling.Unit.Tests.csproj" />
    <Project Path="tests/Machina.UI/Machina.Layout.Tests/Machina.Layout.Tests.csproj" />
    <Project Path="tests/Machina.UI/Machina.Pipeline.Tests/Machina.Pipeline.Tests.csproj" />
    <Project Path="tests/Machina.UI/Machina.Presentation.Tests/Machina.Presentation.Tests.csproj" />
    <Project Path="tests/Machina.UI/Machina.Renderer.Raster.Tests/Machina.Renderer.Raster.Tests.csproj" />
    <Project Path="tests/Machina.UI/Machina.Renderer.Raster.Dominatus.Tests/Machina.Renderer.Raster.Dominatus.Tests.csproj" />
    <Project Path="tests/Machina.UI/Machina.Renderer.Raster.Text.Tests/Machina.Renderer.Raster.Text.Tests.csproj" />
    <Project Path="tests/Machina.UI/Machina.Runtime.Tests/Machina.Runtime.Tests.csproj" />
    <Project Path="tests/Machina.UI/Machina.Standard.Tests/Machina.Standard.Tests.csproj" />
    <Project Path="tests/Machina.UI/Machina.Testing/Machina.Testing.csproj" />
  </Folder>
</Solution>
