{
  "version": 3,
  "targets": {
    "net10.0/win-x64": {
      "copeland.ts.tool/0.1.0-preview.1-tsxml.1": {
        "type": "package",
        "tools": {
          "tools/net10.0/any/Copeland.Cli.deps.json": {},
          "tools/net10.0/any/Copeland.Cli.dll": {},
          "tools/net10.0/any/Copeland.Cli.pdb": {},
          "tools/net10.0/any/Copeland.Cli.runtimeconfig.json": {},
          "tools/net10.0/any/Copeland.Markdown.dll": {},
          "tools/net10.0/any/Copeland.Markdown.pdb": {},
          "tools/net10.0/any/Copeland.TS.Backend.CSharp.dll": {},
          "tools/net10.0/any/Copeland.TS.Backend.CSharp.pdb": {},
          "tools/net10.0/any/Copeland.TS.Backend.JavaScript.dll": {},
          "tools/net10.0/any/Copeland.TS.Backend.JavaScript.pdb": {},
          "tools/net10.0/any/Copeland.TS.Database.dll": {},
          "tools/net10.0/any/Copeland.TS.Database.pdb": {},
          "tools/net10.0/any/Copeland.TS.LanguageServer.deps.json": {},
          "tools/net10.0/any/Copeland.TS.LanguageServer.dll": {},
          "tools/net10.0/any/Copeland.TS.LanguageServer.exe": {},
          "tools/net10.0/any/Copeland.TS.LanguageServer.pdb": {},
          "tools/net10.0/any/Copeland.TS.LanguageServer.runtimeconfig.json": {},
          "tools/net10.0/any/Copeland.TS.MSBuild.dll": {},
          "tools/net10.0/any/Copeland.TS.MSBuild.pdb": {},
          "tools/net10.0/any/Copeland.TS.Mir.dll": {},
          "tools/net10.0/any/Copeland.TS.Mir.pdb": {},
          "tools/net10.0/any/Copeland.TS.Workspace.dll": {},
          "tools/net10.0/any/Copeland.TS.Workspace.pdb": {},
          "tools/net10.0/any/Copeland.TS.dll": {},
          "tools/net10.0/any/Copeland.TS.pdb": {},
          "tools/net10.0/any/DotnetToolSettings.xml": {},
          "tools/net10.0/any/Microsoft.Build.Framework.dll": {},
          "tools/net10.0/any/Microsoft.Build.Utilities.Core.dll": {},
          "tools/net10.0/any/Microsoft.CodeAnalysis.CSharp.dll": {},
          "tools/net10.0/any/Microsoft.CodeAnalysis.dll": {},
          "tools/net10.0/any/Microsoft.NET.StringTools.dll": {},
          "tools/net10.0/any/cs/Microsoft.Build.Framework.resources.dll": {},
          "tools/net10.0/any/cs/Microsoft.Build.Utilities.Core.resources.dll": {},
          "tools/net10.0/any/cs/Microsoft.CodeAnalysis.CSharp.resources.dll": {},
          "tools/net10.0/any/cs/Microsoft.CodeAnalysis.resources.dll": {},
          "tools/net10.0/any/de/Microsoft.Build.Framework.resources.dll": {},
          "tools/net10.0/any/de/Microsoft.Build.Utilities.Core.resources.dll": {},
          "tools/net10.0/any/de/Microsoft.CodeAnalysis.CSharp.resources.dll": {},
          "tools/net10.0/any/de/Microsoft.CodeAnalysis.resources.dll": {},
          "tools/net10.0/any/es/Microsoft.Build.Framework.resources.dll": {},
          "tools/net10.0/any/es/Microsoft.Build.Utilities.Core.resources.dll": {},
          "tools/net10.0/any/es/Microsoft.CodeAnalysis.CSharp.resources.dll": {},
          "tools/net10.0/any/es/Microsoft.CodeAnalysis.resources.dll": {},
          "tools/net10.0/any/fr/Microsoft.Build.Framework.resources.dll": {},
          "tools/net10.0/any/fr/Microsoft.Build.Utilities.Core.resources.dll": {},
          "tools/net10.0/any/fr/Microsoft.CodeAnalysis.CSharp.resources.dll": {},
          "tools/net10.0/any/fr/Microsoft.CodeAnalysis.resources.dll": {},
          "tools/net10.0/any/it/Microsoft.Build.Framework.resources.dll": {},
          "tools/net10.0/any/it/Microsoft.Build.Utilities.Core.resources.dll": {},
          "tools/net10.0/any/it/Microsoft.CodeAnalysis.CSharp.resources.dll": {},
          "tools/net10.0/any/it/Microsoft.CodeAnalysis.resources.dll": {},
          "tools/net10.0/any/ja/Microsoft.Build.Framework.resources.dll": {},
          "tools/net10.0/any/ja/Microsoft.Build.Utilities.Core.resources.dll": {},
          "tools/net10.0/any/ja/Microsoft.CodeAnalysis.CSharp.resources.dll": {},
          "tools/net10.0/any/ja/Microsoft.CodeAnalysis.resources.dll": {},
          "tools/net10.0/any/ko/Microsoft.Build.Framework.resources.dll": {},
          "tools/net10.0/any/ko/Microsoft.Build.Utilities.Core.resources.dll": {},
          "tools/net10.0/any/ko/Microsoft.CodeAnalysis.CSharp.resources.dll": {},
          "tools/net10.0/any/ko/Microsoft.CodeAnalysis.resources.dll": {},
          "tools/net10.0/any/pl/Microsoft.Build.Framework.resources.dll": {},
          "tools/net10.0/any/pl/Microsoft.Build.Utilities.Core.resources.dll": {},
          "tools/net10.0/any/pl/Microsoft.CodeAnalysis.CSharp.resources.dll": {},
          "tools/net10.0/any/pl/Microsoft.CodeAnalysis.resources.dll": {},
          "tools/net10.0/any/pt-BR/Microsoft.Build.Framework.resources.dll": {},
          "tools/net10.0/any/pt-BR/Microsoft.Build.Utilities.Core.resources.dll": {},
          "tools/net10.0/any/pt-BR/Microsoft.CodeAnalysis.CSharp.resources.dll": {},
          "tools/net10.0/any/pt-BR/Microsoft.CodeAnalysis.resources.dll": {},
          "tools/net10.0/any/ru/Microsoft.Build.Framework.resources.dll": {},
          "tools/net10.0/any/ru/Microsoft.Build.Utilities.Core.resources.dll": {},
          "tools/net10.0/any/ru/Microsoft.CodeAnalysis.CSharp.resources.dll": {},
          "tools/net10.0/any/ru/Microsoft.CodeAnalysis.resources.dll": {},
          "tools/net10.0/any/tr/Microsoft.Build.Framework.resources.dll": {},
          "tools/net10.0/any/tr/Microsoft.Build.Utilities.Core.resources.dll": {},
          "tools/net10.0/any/tr/Microsoft.CodeAnalysis.CSharp.resources.dll": {},
          "tools/net10.0/any/tr/Microsoft.CodeAnalysis.resources.dll": {},
          "tools/net10.0/any/zh-Hans/Microsoft.Build.Framework.resources.dll": {},
          "tools/net10.0/any/zh-Hans/Microsoft.Build.Utilities.Core.resources.dll": {},
          "tools/net10.0/any/zh-Hans/Microsoft.CodeAnalysis.CSharp.resources.dll": {},
          "tools/net10.0/any/zh-Hans/Microsoft.CodeAnalysis.resources.dll": {},
          "tools/net10.0/any/zh-Hant/Microsoft.Build.Framework.resources.dll": {},
          "tools/net10.0/any/zh-Hant/Microsoft.Build.Utilities.Core.resources.dll": {},
          "tools/net10.0/any/zh-Hant/Microsoft.CodeAnalysis.CSharp.resources.dll": {},
          "tools/net10.0/any/zh-Hant/Microsoft.CodeAnalysis.resources.dll": {}
        }
      }
    }
  },
  "libraries": {},
  "projectFileDependencyGroups": {}
}