{
  "name": "copeland-hello",
  "version": "0.1.0-preview.1",
  "lockfileVersion": 3,
  "requires": true,
  "packages": {
    "": {
      "name": "copeland-hello",
      "version": "0.1.0-preview.1",
      "dependencies": {
        "lodash-es": "4.18.1"
      }
    },
    "node_modules/lodash-es": {
      "version": "4.18.1",
      "resolved": "https://registry.npmjs.org/lodash-es/-/lodash-es-4.18.1.tgz",
      "integrity": "sha512-J8xewKD/Gk22OZbhpOVSwcs60zhd95ESDwezOFuA3/099925PdHJ7OFHNTGtajL3AlZkykD32HykiMo+BIBI8A==",
      "license": "MIT"
    }
  }
}
